# THIS IS AN AUTOGENERATED FILE. DO NOT EDIT THIS FILE DIRECTLY.
# yarn lockfile v1


"@types/bytebuffer@^5.0.1":
  version "5.0.33"
  resolved "https://registry.yarnpkg.com/@types/bytebuffer/-/bytebuffer-5.0.33.tgz#b4da156e2b58c936661ecb6d4ecd43f443b60ed6"
  dependencies:
    "@types/long" "*"

"@types/long@*":
  version "3.0.31"
  resolved "https://registry.yarnpkg.com/@types/long/-/long-3.0.31.tgz#08635b0d0d322676940c1a88a7a9cef661c6f34a"

"@types/node@^7.0.18":
  version "7.0.22"
  resolved "https://registry.yarnpkg.com/@types/node/-/node-7.0.22.tgz#4593f4d828bdd612929478ea40c67b4f403ca255"

bytebuffer@^5.0.1:
  version "5.0.1"
  resolved "https://registry.yarnpkg.com/bytebuffer/-/bytebuffer-5.0.1.tgz#582eea4b1a873b6d020a48d58df85f0bba6cfddd"
  dependencies:
    long "~3"

java-class-tools@^1.1.5:
  version "1.1.5"
  resolved "https://registry.yarnpkg.com/java-class-tools/-/java-class-tools-1.1.5.tgz#e3f2844a5b4b9b24c2b59cc2d6c3b5f334376378"
  dependencies:
    "@types/bytebuffer" "^5.0.1"
    "@types/node" "^7.0.18"
    bytebuffer "^5.0.1"

long@~3:
  version "3.2.0"
  resolved "https://registry.yarnpkg.com/long/-/long-3.2.0.tgz#d821b7138ca1cb581c172990ef14db200b5c474b"
